<?xml version="1.0" encoding="utf-8"?>
<Project ToolsVersion="17.0" xmlns="http://schemas.microsoft.com/developer/msbuild/2003">
  <ItemGroup>
    <ClCompile Include="E:\Workspaces\croupier\croupier-sdk-cpp\tests\mock\mock_agent.cpp">
      <Filter>Source Files</Filter>
    </ClCompile>
    <ClCompile Include="E:\Workspaces\croupier\croupier-sdk-cpp\tests\test_virtual_objects.cpp">
      <Filter>Source Files</Filter>
    </ClCompile>
    <ClCompile Include="E:\Workspaces\croupier\croupier-sdk-cpp\tests\test_utils.cpp">
      <Filter>Source Files</Filter>
    </ClCompile>
    <ClCompile Include="E:\Workspaces\croupier\croupier-sdk-cpp\tests\test_integration.cpp">
      <Filter>Source Files</Filter>
    </ClCompile>
    <ClCompile Include="E:\Workspaces\croupier\croupier-sdk-cpp\tests\test_invoker.cpp">
      <Filter>Source Files</Filter>
    </ClCompile>
    <ClCompile Include="E:\Workspaces\croupier\croupier-sdk-cpp\tests\test_json_utils.cpp">
      <Filter>Source Files</Filter>
    </ClCompile>
    <ClCompile Include="E:\Workspaces\croupier\croupier-sdk-cpp\tests\test_file_utils.cpp">
      <Filter>Source Files</Filter>
    </ClCompile>
    <ClCompile Include="E:\Workspaces\croupier\croupier-sdk-cpp\tests\test_main_thread_dispatcher.cpp">
      <Filter>Source Files</Filter>
    </ClCompile>
    <ClCompile Include="E:\Workspaces\croupier\croupier-sdk-cpp\tests\test_config_loading.cpp">
      <Filter>Source Files</Filter>
    </ClCompile>
    <ClCompile Include="E:\Workspaces\croupier\croupier-sdk-cpp\tests\test_config_network.cpp">
      <Filter>Source Files</Filter>
    </ClCompile>
    <ClCompile Include="E:\Workspaces\croupier\croupier-sdk-cpp\tests\test_config_environment.cpp">
      <Filter>Source Files</Filter>
    </ClCompile>
    <ClCompile Include="E:\Workspaces\croupier\croupier-sdk-cpp\tests\test_config_security.cpp">
      <Filter>Source Files</Filter>
    </ClCompile>
    <ClCompile Include="E:\Workspaces\croupier\croupier-sdk-cpp\tests\test_config_merge.cpp">
      <Filter>Source Files</Filter>
    </ClCompile>
    <ClCompile Include="E:\Workspaces\croupier\croupier-sdk-cpp\tests\test_config_profiles.cpp">
      <Filter>Source Files</Filter>
    </ClCompile>
    <ClCompile Include="E:\Workspaces\croupier\croupier-sdk-cpp\tests\test_config_defaults.cpp">
      <Filter>Source Files</Filter>
    </ClCompile>
    <ClCompile Include="E:\Workspaces\croupier\croupier-sdk-cpp\tests\test_client_initialization.cpp">
      <Filter>Source Files</Filter>
    </ClCompile>
    <ClCompile Include="E:\Workspaces\croupier\croupier-sdk-cpp\tests\test_client_function_registration.cpp">
      <Filter>Source Files</Filter>
    </ClCompile>
    <ClCompile Include="E:\Workspaces\croupier\croupier-sdk-cpp\tests\test_client_virtual_objects.cpp">
      <Filter>Source Files</Filter>
    </ClCompile>
    <ClCompile Include="E:\Workspaces\croupier\croupier-sdk-cpp\tests\test_client_components.cpp">
      <Filter>Source Files</Filter>
    </ClCompile>
    <ClCompile Include="E:\Workspaces\croupier\croupier-sdk-cpp\tests\test_client_connection.cpp">
      <Filter>Source Files</Filter>
    </ClCompile>
    <ClCompile Include="E:\Workspaces\croupier\croupier-sdk-cpp\tests\test_client_lifecycle.cpp">
      <Filter>Source Files</Filter>
    </ClCompile>
    <ClCompile Include="E:\Workspaces\croupier\croupier-sdk-cpp\tests\test_grpc_connection.cpp">
      <Filter>Source Files</Filter>
    </ClCompile>
    <ClCompile Include="E:\Workspaces\croupier\croupier-sdk-cpp\tests\test_grpc_registration.cpp">
      <Filter>Source Files</Filter>
    </ClCompile>
    <ClCompile Include="E:\Workspaces\croupier\croupier-sdk-cpp\tests\test_grpc_heartbeat.cpp">
      <Filter>Source Files</Filter>
    </ClCompile>
    <ClCompile Include="E:\Workspaces\croupier\croupier-sdk-cpp\tests\test_grpc_reconnect.cpp">
      <Filter>Source Files</Filter>
    </ClCompile>
    <ClCompile Include="E:\Workspaces\croupier\croupier-sdk-cpp\tests\test_grpc_local_server.cpp">
      <Filter>Source Files</Filter>
    </ClCompile>
    <ClCompile Include="E:\Workspaces\croupier\croupier-sdk-cpp\tests\test_grpc_function_service.cpp">
      <Filter>Source Files</Filter>
    </ClCompile>
    <ClCompile Include="E:\Workspaces\croupier\croupier-sdk-cpp\tests\test_grpc_jobs.cpp">
      <Filter>Source Files</Filter>
    </ClCompile>
  </ItemGroup>
  <ItemGroup>
    <CustomBuild Include="E:\Workspaces\croupier\croupier-sdk-cpp\CMakeLists.txt" />
  </ItemGroup>
  <ItemGroup>
    <Natvis Include="E:\Workspaces\croupier\croupier-sdk-cpp\build-test\vcpkg_installed\x64-windows\share\nlohmann_json\nlohmann_json.natvis" />
  </ItemGroup>
  <ItemGroup>
    <Filter Include="Source Files">
      <UniqueIdentifier>{AC4C5FBD-9C3E-3EB3-A8FD-DD770EF4F1C8}</UniqueIdentifier>
    </Filter>
  </ItemGroup>
</Project>
