<?xml version="1.0" encoding="utf-8"?>
<Project ToolsVersion="17.0" xmlns="http://schemas.microsoft.com/developer/msbuild/2003">
  <ItemGroup>
    <ClCompile Include="E:\Workspaces\croupier\croupier-sdk-cpp\src\croupier_client.cpp">
      <Filter>Source Files</Filter>
    </ClCompile>
    <ClCompile Include="E:\Workspaces\croupier\croupier-sdk-cpp\src\grpc_service.cpp">
      <Filter>Source Files</Filter>
    </ClCompile>
    <ClCompile Include="E:\Workspaces\croupier\croupier-sdk-cpp\src\config_driven_loader.cpp">
      <Filter>Source Files</Filter>
    </ClCompile>
    <ClCompile Include="E:\Workspaces\croupier\croupier-sdk-cpp\src\utils\json_utils.cpp">
      <Filter>Source Files</Filter>
    </ClCompile>
    <ClCompile Include="E:\Workspaces\croupier\croupier-sdk-cpp\src\utils\file_utils.cpp">
      <Filter>Source Files</Filter>
    </ClCompile>
    <ClCompile Include="E:\Workspaces\croupier\croupier-sdk-cpp\src\config\client_config_loader.cpp">
      <Filter>Source Files</Filter>
    </ClCompile>
    <ClCompile Include="E:\Workspaces\croupier\croupier-sdk-cpp\src\plugin\dynamic_loader.cpp">
      <Filter>Source Files</Filter>
    </ClCompile>
    <ClCompile Include="E:\Workspaces\croupier\croupier-sdk-cpp\generated\croupier\sdk\v1\client.grpc.pb.cc">
      <Filter>Source Files</Filter>
    </ClCompile>
    <ClCompile Include="E:\Workspaces\croupier\croupier-sdk-cpp\generated\croupier\sdk\v1\client.pb.cc">
      <Filter>Source Files</Filter>
    </ClCompile>
    <ClCompile Include="E:\Workspaces\croupier\croupier-sdk-cpp\generated\croupier\sdk\v1\invoker.grpc.pb.cc">
      <Filter>Source Files</Filter>
    </ClCompile>
    <ClCompile Include="E:\Workspaces\croupier\croupier-sdk-cpp\generated\croupier\sdk\v1\invoker.pb.cc">
      <Filter>Source Files</Filter>
    </ClCompile>
    <ClCompile Include="E:\Workspaces\croupier\croupier-sdk-cpp\generated\croupier\sdk\v1\types.grpc.pb.cc">
      <Filter>Source Files</Filter>
    </ClCompile>
    <ClCompile Include="E:\Workspaces\croupier\croupier-sdk-cpp\generated\croupier\sdk\v1\types.pb.cc">
      <Filter>Source Files</Filter>
    </ClCompile>
  </ItemGroup>
  <ItemGroup>
    <ClInclude Include="E:\Workspaces\croupier\croupier-sdk-cpp\include\croupier\sdk\croupier_client.h">
      <Filter>Header Files</Filter>
    </ClInclude>
    <ClInclude Include="E:\Workspaces\croupier\croupier-sdk-cpp\include\croupier\sdk\logger.h">
      <Filter>Header Files</Filter>
    </ClInclude>
    <ClInclude Include="E:\Workspaces\croupier\croupier-sdk-cpp\include\croupier\sdk\grpc_service.h">
      <Filter>Header Files</Filter>
    </ClInclude>
    <ClInclude Include="E:\Workspaces\croupier\croupier-sdk-cpp\include\croupier\sdk\config_driven_loader.h">
      <Filter>Header Files</Filter>
    </ClInclude>
    <ClInclude Include="E:\Workspaces\croupier\croupier-sdk-cpp\include\croupier\sdk\utils\json_utils.h">
      <Filter>Header Files</Filter>
    </ClInclude>
    <ClInclude Include="E:\Workspaces\croupier\croupier-sdk-cpp\include\croupier\sdk\utils\file_utils.h">
      <Filter>Header Files</Filter>
    </ClInclude>
    <ClInclude Include="E:\Workspaces\croupier\croupier-sdk-cpp\include\croupier\sdk\config\client_config_loader.h">
      <Filter>Header Files</Filter>
    </ClInclude>
    <ClInclude Include="E:\Workspaces\croupier\croupier-sdk-cpp\include\croupier\sdk\plugin\dynamic_loader.h">
      <Filter>Header Files</Filter>
    </ClInclude>
    <ClInclude Include="E:\Workspaces\croupier\croupier-sdk-cpp\generated\croupier\sdk\v1\client.grpc.pb.h">
      <Filter>Header Files</Filter>
    </ClInclude>
    <ClInclude Include="E:\Workspaces\croupier\croupier-sdk-cpp\generated\croupier\sdk\v1\client.pb.h">
      <Filter>Header Files</Filter>
    </ClInclude>
    <ClInclude Include="E:\Workspaces\croupier\croupier-sdk-cpp\generated\croupier\sdk\v1\invoker.grpc.pb.h">
      <Filter>Header Files</Filter>
    </ClInclude>
    <ClInclude Include="E:\Workspaces\croupier\croupier-sdk-cpp\generated\croupier\sdk\v1\invoker.pb.h">
      <Filter>Header Files</Filter>
    </ClInclude>
    <ClInclude Include="E:\Workspaces\croupier\croupier-sdk-cpp\generated\croupier\sdk\v1\types.grpc.pb.h">
      <Filter>Header Files</Filter>
    </ClInclude>
    <ClInclude Include="E:\Workspaces\croupier\croupier-sdk-cpp\generated\croupier\sdk\v1\types.pb.h">
      <Filter>Header Files</Filter>
    </ClInclude>
  </ItemGroup>
  <ItemGroup>
    <CustomBuild Include="E:\Workspaces\croupier\croupier-sdk-cpp\CMakeLists.txt" />
  </ItemGroup>
  <ItemGroup>
    <Natvis Include="E:\Workspaces\croupier\croupier-sdk-cpp\build-md\vcpkg_installed\x64-windows\share\nlohmann_json\nlohmann_json.natvis" />
  </ItemGroup>
  <ItemGroup>
    <Filter Include="Header Files">
      <UniqueIdentifier>{377AFEDD-545B-3F1E-9C8C-DD70CD2BA9CD}</UniqueIdentifier>
    </Filter>
    <Filter Include="Source Files">
      <UniqueIdentifier>{D20CB073-B1F3-34B7-B655-D64785681C94}</UniqueIdentifier>
    </Filter>
  </ItemGroup>
</Project>
